PODS:
  - WDSelectAlertView (0.1.4)

DEPENDENCIES:
  - WDSelectAlertView (from `../`)

EXTERNAL SOURCES:
  WDSelectAlertView:
    :path: "../"

SPEC CHECKSUMS:
  WDSelectAlertView: 6251ba945c14da0e477b6d0eed068805bcb96a6f

PODFILE CHECKSUM: cb8eaec2252979c9c78f9564433b51c94d195ba2

COCOAPODS: 1.10.0
