// !$*UTF8*$!
{
	archiveVersion = 1;
	classes = {
	};
	objectVersion = 50;
	objects = {

/* Begin PBXBuildFile section */
		392D1445258BA56400AC218B /* WDAlertWindowStyleModel.m in Sources */ = {isa = PBXBuildFile; fileRef = 392D1444258BA56400AC218B /* WDAlertWindowStyleModel.m */; };
		8C58D92625821C12008D969B /* AppDelegate.m in Sources */ = {isa = PBXBuildFile; fileRef = 8C58D92525821C12008D969B /* AppDelegate.m */; };
		8C58D93125821C13008D969B /* Assets.xcassets in Resources */ = {isa = PBXBuildFile; fileRef = 8C58D93025821C13008D969B /* Assets.xcassets */; };
		8C58D93425821C13008D969B /* LaunchScreen.storyboard in Resources */ = {isa = PBXBuildFile; fileRef = 8C58D93225821C13008D969B /* LaunchScreen.storyboard */; };
		8C58D93725821C13008D969B /* main.m in Sources */ = {isa = PBXBuildFile; fileRef = 8C58D93625821C13008D969B /* main.m */; };
		8C58D94225821CC0008D969B /* WDSelectAlertView.m in Sources */ = {isa = PBXBuildFile; fileRef = 8C58D94025821CC0008D969B /* WDSelectAlertView.m */; };
		8C58D94325821CC0008D969B /* WDSelectAlertStyleModel.m in Sources */ = {isa = PBXBuildFile; fileRef = 8C58D94125821CC0008D969B /* WDSelectAlertStyleModel.m */; };
		8C58D94625821CDB008D969B /* WDAlertWindowViewController.m in Sources */ = {isa = PBXBuildFile; fileRef = 8C58D94525821CDB008D969B /* WDAlertWindowViewController.m */; };
		8C58D94925821D17008D969B /* UIViewController+SelectPopView.m in Sources */ = {isa = PBXBuildFile; fileRef = 8C58D94825821D17008D969B /* UIViewController+SelectPopView.m */; };
		8C58D94C25821ED9008D969B /* WDSheetAlertView.m in Sources */ = {isa = PBXBuildFile; fileRef = 8C58D94A25821ED9008D969B /* WDSheetAlertView.m */; };
		8C58D9562582216B008D969B /* WDDateAlertView.m in Sources */ = {isa = PBXBuildFile; fileRef = 8C58D9532582216B008D969B /* WDDateAlertView.m */; };
		8C58D9572582216B008D969B /* WDDateIntervalAlertView.m in Sources */ = {isa = PBXBuildFile; fileRef = 8C58D9542582216B008D969B /* WDDateIntervalAlertView.m */; };
		8C58D95A2582318D008D969B /* WDSelectAlertHelper.m in Sources */ = {isa = PBXBuildFile; fileRef = 8C58D9592582318D008D969B /* WDSelectAlertHelper.m */; };
		8C64A926258B3E430018DA80 /* WDSheetAlertStyleModel.m in Sources */ = {isa = PBXBuildFile; fileRef = 8C64A925258B3E430018DA80 /* WDSheetAlertStyleModel.m */; };
		8C64A929258B3E690018DA80 /* WDDateSlertStyleModel.m in Sources */ = {isa = PBXBuildFile; fileRef = 8C64A928258B3E690018DA80 /* WDDateSlertStyleModel.m */; };
		8C64A92C258B6AF30018DA80 /* WDDateIntervalAlertStyleModel.m in Sources */ = {isa = PBXBuildFile; fileRef = 8C64A92B258B6AF30018DA80 /* WDDateIntervalAlertStyleModel.m */; };
		8CA08092258A0BC400E97E09 /* WDViewController.m in Sources */ = {isa = PBXBuildFile; fileRef = 8CA08091258A0BC400E97E09 /* WDViewController.m */; };
/* End PBXBuildFile section */

/* Begin PBXFileReference section */
		392D1443258BA56400AC218B /* WDAlertWindowStyleModel.h */ = {isa = PBXFileReference; lastKnownFileType = sourcecode.c.h; path = WDAlertWindowStyleModel.h; sourceTree = "<group>"; };
		392D1444258BA56400AC218B /* WDAlertWindowStyleModel.m */ = {isa = PBXFileReference; lastKnownFileType = sourcecode.c.objc; path = WDAlertWindowStyleModel.m; sourceTree = "<group>"; };
		8C58D92125821C12008D969B /* WDSelectAlertView.app */ = {isa = PBXFileReference; explicitFileType = wrapper.application; includeInIndex = 0; path = WDSelectAlertView.app; sourceTree = BUILT_PRODUCTS_DIR; };
		8C58D92425821C12008D969B /* AppDelegate.h */ = {isa = PBXFileReference; lastKnownFileType = sourcecode.c.h; path = AppDelegate.h; sourceTree = "<group>"; };
		8C58D92525821C12008D969B /* AppDelegate.m */ = {isa = PBXFileReference; lastKnownFileType = sourcecode.c.objc; path = AppDelegate.m; sourceTree = "<group>"; };
		8C58D93025821C13008D969B /* Assets.xcassets */ = {isa = PBXFileReference; lastKnownFileType = folder.assetcatalog; path = Assets.xcassets; sourceTree = "<group>"; };
		8C58D93325821C13008D969B /* Base */ = {isa = PBXFileReference; lastKnownFileType = file.storyboard; name = Base; path = Base.lproj/LaunchScreen.storyboard; sourceTree = "<group>"; };
		8C58D93525821C13008D969B /* Info.plist */ = {isa = PBXFileReference; lastKnownFileType = text.plist.xml; path = Info.plist; sourceTree = "<group>"; };
		8C58D93625821C13008D969B /* main.m */ = {isa = PBXFileReference; lastKnownFileType = sourcecode.c.objc; path = main.m; sourceTree = "<group>"; };
		8C58D93E25821CC0008D969B /* WDSelectAlertStyleModel.h */ = {isa = PBXFileReference; fileEncoding = 4; lastKnownFileType = sourcecode.c.h; path = WDSelectAlertStyleModel.h; sourceTree = "<group>"; };
		8C58D93F25821CC0008D969B /* WDSelectAlertView.h */ = {isa = PBXFileReference; fileEncoding = 4; lastKnownFileType = sourcecode.c.h; path = WDSelectAlertView.h; sourceTree = "<group>"; };
		8C58D94025821CC0008D969B /* WDSelectAlertView.m */ = {isa = PBXFileReference; fileEncoding = 4; lastKnownFileType = sourcecode.c.objc; path = WDSelectAlertView.m; sourceTree = "<group>"; };
		8C58D94125821CC0008D969B /* WDSelectAlertStyleModel.m */ = {isa = PBXFileReference; fileEncoding = 4; lastKnownFileType = sourcecode.c.objc; path = WDSelectAlertStyleModel.m; sourceTree = "<group>"; };
		8C58D94425821CDB008D969B /* WDAlertWindowViewController.h */ = {isa = PBXFileReference; fileEncoding = 4; lastKnownFileType = sourcecode.c.h; path = WDAlertWindowViewController.h; sourceTree = "<group>"; };
		8C58D94525821CDB008D969B /* WDAlertWindowViewController.m */ = {isa = PBXFileReference; fileEncoding = 4; lastKnownFileType = sourcecode.c.objc; path = WDAlertWindowViewController.m; sourceTree = "<group>"; };
		8C58D94725821D17008D969B /* UIViewController+SelectPopView.h */ = {isa = PBXFileReference; fileEncoding = 4; lastKnownFileType = sourcecode.c.h; path = "UIViewController+SelectPopView.h"; sourceTree = "<group>"; };
		8C58D94825821D17008D969B /* UIViewController+SelectPopView.m */ = {isa = PBXFileReference; fileEncoding = 4; lastKnownFileType = sourcecode.c.objc; path = "UIViewController+SelectPopView.m"; sourceTree = "<group>"; };
		8C58D94A25821ED9008D969B /* WDSheetAlertView.m */ = {isa = PBXFileReference; fileEncoding = 4; lastKnownFileType = sourcecode.c.objc; path = WDSheetAlertView.m; sourceTree = "<group>"; };
		8C58D94B25821ED9008D969B /* WDSheetAlertView.h */ = {isa = PBXFileReference; fileEncoding = 4; lastKnownFileType = sourcecode.c.h; path = WDSheetAlertView.h; sourceTree = "<group>"; };
		8C58D95125821FEA008D969B /* WDSelectAlertDefineHeader.h */ = {isa = PBXFileReference; lastKnownFileType = sourcecode.c.h; path = WDSelectAlertDefineHeader.h; sourceTree = "<group>"; };
		8C58D9522582216B008D969B /* WDDateAlertView.h */ = {isa = PBXFileReference; fileEncoding = 4; lastKnownFileType = sourcecode.c.h; path = WDDateAlertView.h; sourceTree = "<group>"; };
		8C58D9532582216B008D969B /* WDDateAlertView.m */ = {isa = PBXFileReference; fileEncoding = 4; lastKnownFileType = sourcecode.c.objc; path = WDDateAlertView.m; sourceTree = "<group>"; };
		8C58D9542582216B008D969B /* WDDateIntervalAlertView.m */ = {isa = PBXFileReference; fileEncoding = 4; lastKnownFileType = sourcecode.c.objc; path = WDDateIntervalAlertView.m; sourceTree = "<group>"; };
		8C58D9552582216B008D969B /* WDDateIntervalAlertView.h */ = {isa = PBXFileReference; fileEncoding = 4; lastKnownFileType = sourcecode.c.h; path = WDDateIntervalAlertView.h; sourceTree = "<group>"; };
		8C58D9582582318D008D969B /* WDSelectAlertHelper.h */ = {isa = PBXFileReference; lastKnownFileType = sourcecode.c.h; path = WDSelectAlertHelper.h; sourceTree = "<group>"; };
		8C58D9592582318D008D969B /* WDSelectAlertHelper.m */ = {isa = PBXFileReference; lastKnownFileType = sourcecode.c.objc; path = WDSelectAlertHelper.m; sourceTree = "<group>"; };
		8C64A924258B3E430018DA80 /* WDSheetAlertStyleModel.h */ = {isa = PBXFileReference; lastKnownFileType = sourcecode.c.h; path = WDSheetAlertStyleModel.h; sourceTree = "<group>"; };
		8C64A925258B3E430018DA80 /* WDSheetAlertStyleModel.m */ = {isa = PBXFileReference; lastKnownFileType = sourcecode.c.objc; path = WDSheetAlertStyleModel.m; sourceTree = "<group>"; };
		8C64A927258B3E690018DA80 /* WDDateSlertStyleModel.h */ = {isa = PBXFileReference; lastKnownFileType = sourcecode.c.h; path = WDDateSlertStyleModel.h; sourceTree = "<group>"; };
		8C64A928258B3E690018DA80 /* WDDateSlertStyleModel.m */ = {isa = PBXFileReference; lastKnownFileType = sourcecode.c.objc; path = WDDateSlertStyleModel.m; sourceTree = "<group>"; };
		8C64A92A258B6AF30018DA80 /* WDDateIntervalAlertStyleModel.h */ = {isa = PBXFileReference; lastKnownFileType = sourcecode.c.h; path = WDDateIntervalAlertStyleModel.h; sourceTree = "<group>"; };
		8C64A92B258B6AF30018DA80 /* WDDateIntervalAlertStyleModel.m */ = {isa = PBXFileReference; lastKnownFileType = sourcecode.c.objc; path = WDDateIntervalAlertStyleModel.m; sourceTree = "<group>"; };
		8CA08090258A0BC300E97E09 /* WDViewController.h */ = {isa = PBXFileReference; lastKnownFileType = sourcecode.c.h; path = WDViewController.h; sourceTree = "<group>"; };
		8CA08091258A0BC400E97E09 /* WDViewController.m */ = {isa = PBXFileReference; lastKnownFileType = sourcecode.c.objc; path = WDViewController.m; sourceTree = "<group>"; };
/* End PBXFileReference section */

/* Begin PBXFrameworksBuildPhase section */
		8C58D91E25821C12008D969B /* Frameworks */ = {
			isa = PBXFrameworksBuildPhase;
			buildActionMask = 2147483647;
			files = (
			);
			runOnlyForDeploymentPostprocessing = 0;
		};
/* End PBXFrameworksBuildPhase section */

/* Begin PBXGroup section */
		8C58D91825821C12008D969B = {
			isa = PBXGroup;
			children = (
				8C58D92325821C12008D969B /* WDSelectAlertView */,
				8C58D92225821C12008D969B /* Products */,
			);
			sourceTree = "<group>";
		};
		8C58D92225821C12008D969B /* Products */ = {
			isa = PBXGroup;
			children = (
				8C58D92125821C12008D969B /* WDSelectAlertView.app */,
			);
			name = Products;
			sourceTree = "<group>";
		};
		8C58D92325821C12008D969B /* WDSelectAlertView */ = {
			isa = PBXGroup;
			children = (
				8C58D93D25821CAF008D969B /* SelectAlertView */,
				8C58D92425821C12008D969B /* AppDelegate.h */,
				8C58D92525821C12008D969B /* AppDelegate.m */,
				8CA08090258A0BC300E97E09 /* WDViewController.h */,
				8CA08091258A0BC400E97E09 /* WDViewController.m */,
				8C58D94725821D17008D969B /* UIViewController+SelectPopView.h */,
				8C58D94825821D17008D969B /* UIViewController+SelectPopView.m */,
				8C58D93025821C13008D969B /* Assets.xcassets */,
				8C58D93225821C13008D969B /* LaunchScreen.storyboard */,
				8C58D93525821C13008D969B /* Info.plist */,
				8C58D93625821C13008D969B /* main.m */,
			);
			path = WDSelectAlertView;
			sourceTree = "<group>";
		};
		8C58D93D25821CAF008D969B /* SelectAlertView */ = {
			isa = PBXGroup;
			children = (
				8C58D95025821F3F008D969B /* Tool */,
				8C58D94F25821F31008D969B /* Model */,
				8C58D94E25821F1C008D969B /* Controller */,
				8C58D94D25821F10008D969B /* View */,
			);
			path = SelectAlertView;
			sourceTree = "<group>";
		};
		8C58D94D25821F10008D969B /* View */ = {
			isa = PBXGroup;
			children = (
				8C58D93F25821CC0008D969B /* WDSelectAlertView.h */,
				8C58D94025821CC0008D969B /* WDSelectAlertView.m */,
				8C58D94B25821ED9008D969B /* WDSheetAlertView.h */,
				8C58D94A25821ED9008D969B /* WDSheetAlertView.m */,
				8C58D9522582216B008D969B /* WDDateAlertView.h */,
				8C58D9532582216B008D969B /* WDDateAlertView.m */,
				8C58D9552582216B008D969B /* WDDateIntervalAlertView.h */,
				8C58D9542582216B008D969B /* WDDateIntervalAlertView.m */,
			);
			path = View;
			sourceTree = "<group>";
		};
		8C58D94E25821F1C008D969B /* Controller */ = {
			isa = PBXGroup;
			children = (
				8C58D94425821CDB008D969B /* WDAlertWindowViewController.h */,
				8C58D94525821CDB008D969B /* WDAlertWindowViewController.m */,
			);
			path = Controller;
			sourceTree = "<group>";
		};
		8C58D94F25821F31008D969B /* Model */ = {
			isa = PBXGroup;
			children = (
				8C58D93E25821CC0008D969B /* WDSelectAlertStyleModel.h */,
				8C58D94125821CC0008D969B /* WDSelectAlertStyleModel.m */,
				8C64A924258B3E430018DA80 /* WDSheetAlertStyleModel.h */,
				8C64A925258B3E430018DA80 /* WDSheetAlertStyleModel.m */,
				8C64A927258B3E690018DA80 /* WDDateSlertStyleModel.h */,
				8C64A928258B3E690018DA80 /* WDDateSlertStyleModel.m */,
				8C64A92A258B6AF30018DA80 /* WDDateIntervalAlertStyleModel.h */,
				8C64A92B258B6AF30018DA80 /* WDDateIntervalAlertStyleModel.m */,
				392D1443258BA56400AC218B /* WDAlertWindowStyleModel.h */,
				392D1444258BA56400AC218B /* WDAlertWindowStyleModel.m */,
			);
			path = Model;
			sourceTree = "<group>";
		};
		8C58D95025821F3F008D969B /* Tool */ = {
			isa = PBXGroup;
			children = (
				8C58D9582582318D008D969B /* WDSelectAlertHelper.h */,
				8C58D9592582318D008D969B /* WDSelectAlertHelper.m */,
				8C58D95125821FEA008D969B /* WDSelectAlertDefineHeader.h */,
			);
			path = Tool;
			sourceTree = "<group>";
		};
/* End PBXGroup section */

/* Begin PBXNativeTarget section */
		8C58D92025821C12008D969B /* WDSelectAlertView */ = {
			isa = PBXNativeTarget;
			buildConfigurationList = 8C58D93A25821C13008D969B /* Build configuration list for PBXNativeTarget "WDSelectAlertView" */;
			buildPhases = (
				8C58D91D25821C12008D969B /* Sources */,
				8C58D91E25821C12008D969B /* Frameworks */,
				8C58D91F25821C12008D969B /* Resources */,
			);
			buildRules = (
			);
			dependencies = (
			);
			name = WDSelectAlertView;
			productName = WDSelectAlertView;
			productReference = 8C58D92125821C12008D969B /* WDSelectAlertView.app */;
			productType = "com.apple.product-type.application";
		};
/* End PBXNativeTarget section */

/* Begin PBXProject section */
		8C58D91925821C12008D969B /* Project object */ = {
			isa = PBXProject;
			attributes = {
				LastUpgradeCheck = 1170;
				ORGANIZATIONNAME = jocelen;
				TargetAttributes = {
					8C58D92025821C12008D969B = {
						CreatedOnToolsVersion = 11.7;
					};
				};
			};
			buildConfigurationList = 8C58D91C25821C12008D969B /* Build configuration list for PBXProject "WDSelectAlertView" */;
			compatibilityVersion = "Xcode 9.3";
			developmentRegion = en;
			hasScannedForEncodings = 0;
			knownRegions = (
				en,
				Base,
			);
			mainGroup = 8C58D91825821C12008D969B;
			productRefGroup = 8C58D92225821C12008D969B /* Products */;
			projectDirPath = "";
			projectRoot = "";
			targets = (
				8C58D92025821C12008D969B /* WDSelectAlertView */,
			);
		};
/* End PBXProject section */

/* Begin PBXResourcesBuildPhase section */
		8C58D91F25821C12008D969B /* Resources */ = {
			isa = PBXResourcesBuildPhase;
			buildActionMask = 2147483647;
			files = (
				8C58D93425821C13008D969B /* LaunchScreen.storyboard in Resources */,
				8C58D93125821C13008D969B /* Assets.xcassets in Resources */,
			);
			runOnlyForDeploymentPostprocessing = 0;
		};
/* End PBXResourcesBuildPhase section */

/* Begin PBXSourcesBuildPhase section */
		8C58D91D25821C12008D969B /* Sources */ = {
			isa = PBXSourcesBuildPhase;
			buildActionMask = 2147483647;
			files = (
				8C58D94625821CDB008D969B /* WDAlertWindowViewController.m in Sources */,
				392D1445258BA56400AC218B /* WDAlertWindowStyleModel.m in Sources */,
				8C58D9562582216B008D969B /* WDDateAlertView.m in Sources */,
				8C58D95A2582318D008D969B /* WDSelectAlertHelper.m in Sources */,
				8C64A929258B3E690018DA80 /* WDDateSlertStyleModel.m in Sources */,
				8C58D9572582216B008D969B /* WDDateIntervalAlertView.m in Sources */,
				8C58D94925821D17008D969B /* UIViewController+SelectPopView.m in Sources */,
				8C58D94225821CC0008D969B /* WDSelectAlertView.m in Sources */,
				8C64A92C258B6AF30018DA80 /* WDDateIntervalAlertStyleModel.m in Sources */,
				8C58D92625821C12008D969B /* AppDelegate.m in Sources */,
				8C58D93725821C13008D969B /* main.m in Sources */,
				8CA08092258A0BC400E97E09 /* WDViewController.m in Sources */,
				8C58D94C25821ED9008D969B /* WDSheetAlertView.m in Sources */,
				8C58D94325821CC0008D969B /* WDSelectAlertStyleModel.m in Sources */,
				8C64A926258B3E430018DA80 /* WDSheetAlertStyleModel.m in Sources */,
			);
			runOnlyForDeploymentPostprocessing = 0;
		};
/* End PBXSourcesBuildPhase section */

/* Begin PBXVariantGroup section */
		8C58D93225821C13008D969B /* LaunchScreen.storyboard */ = {
			isa = PBXVariantGroup;
			children = (
				8C58D93325821C13008D969B /* Base */,
			);
			name = LaunchScreen.storyboard;
			sourceTree = "<group>";
		};
/* End PBXVariantGroup section */

/* Begin XCBuildConfiguration section */
		8C58D93825821C13008D969B /* Debug */ = {
			isa = XCBuildConfiguration;
			buildSettings = {
				ALWAYS_SEARCH_USER_PATHS = NO;
				CLANG_ANALYZER_NONNULL = YES;
				CLANG_ANALYZER_NUMBER_OBJECT_CONVERSION = YES_AGGRESSIVE;
				CLANG_CXX_LANGUAGE_STANDARD = "gnu++14";
				CLANG_CXX_LIBRARY = "libc++";
				CLANG_ENABLE_MODULES = YES;
				CLANG_ENABLE_OBJC_ARC = YES;
				CLANG_ENABLE_OBJC_WEAK = YES;
				CLANG_WARN_BLOCK_CAPTURE_AUTORELEASING = YES;
				CLANG_WARN_BOOL_CONVERSION = YES;
				CLANG_WARN_COMMA = YES;
				CLANG_WARN_CONSTANT_CONVERSION = YES;
				CLANG_WARN_DEPRECATED_OBJC_IMPLEMENTATIONS = YES;
				CLANG_WARN_DIRECT_OBJC_ISA_USAGE = YES_ERROR;
				CLANG_WARN_DOCUMENTATION_COMMENTS = YES;
				CLANG_WARN_EMPTY_BODY = YES;
				CLANG_WARN_ENUM_CONVERSION = YES;
				CLANG_WARN_INFINITE_RECURSION = YES;
				CLANG_WARN_INT_CONVERSION = YES;
				CLANG_WARN_NON_LITERAL_NULL_CONVERSION = YES;
				CLANG_WARN_OBJC_IMPLICIT_RETAIN_SELF = YES;
				CLANG_WARN_OBJC_LITERAL_CONVERSION = YES;
				CLANG_WARN_OBJC_ROOT_CLASS = YES_ERROR;
				CLANG_WARN_RANGE_LOOP_ANALYSIS = YES;
				CLANG_WARN_STRICT_PROTOTYPES = YES;
				CLANG_WARN_SUSPICIOUS_MOVE = YES;
				CLANG_WARN_UNGUARDED_AVAILABILITY = YES_AGGRESSIVE;
				CLANG_WARN_UNREACHABLE_CODE = YES;
				CLANG_WARN__DUPLICATE_METHOD_MATCH = YES;
				COPY_PHASE_STRIP = NO;
				DEBUG_INFORMATION_FORMAT = dwarf;
				ENABLE_STRICT_OBJC_MSGSEND = YES;
				ENABLE_TESTABILITY = YES;
				GCC_C_LANGUAGE_STANDARD = gnu11;
				GCC_DYNAMIC_NO_PIC = NO;
				GCC_NO_COMMON_BLOCKS = YES;
				GCC_OPTIMIZATION_LEVEL = 0;
				GCC_PREPROCESSOR_DEFINITIONS = (
					"DEBUG=1",
					"$(inherited)",
				);
				GCC_WARN_64_TO_32_BIT_CONVERSION = YES;
				GCC_WARN_ABOUT_RETURN_TYPE = YES_ERROR;
				GCC_WARN_UNDECLARED_SELECTOR = YES;
				GCC_WARN_UNINITIALIZED_AUTOS = YES_AGGRESSIVE;
				GCC_WARN_UNUSED_FUNCTION = YES;
				GCC_WARN_UNUSED_VARIABLE = YES;
				IPHONEOS_DEPLOYMENT_TARGET = 9.0;
				MTL_ENABLE_DEBUG_INFO = INCLUDE_SOURCE;
				MTL_FAST_MATH = YES;
				ONLY_ACTIVE_ARCH = YES;
				SDKROOT = iphoneos;
			};
			name = Debug;
		};
		8C58D93925821C13008D969B /* Release */ = {
			isa = XCBuildConfiguration;
			buildSettings = {
				ALWAYS_SEARCH_USER_PATHS = NO;
				CLANG_ANALYZER_NONNULL = YES;
				CLANG_ANALYZER_NUMBER_OBJECT_CONVERSION = YES_AGGRESSIVE;
				CLANG_CXX_LANGUAGE_STANDARD = "gnu++14";
				CLANG_CXX_LIBRARY = "libc++";
				CLANG_ENABLE_MODULES = YES;
				CLANG_ENABLE_OBJC_ARC = YES;
				CLANG_ENABLE_OBJC_WEAK = YES;
				CLANG_WARN_BLOCK_CAPTURE_AUTORELEASING = YES;
				CLANG_WARN_BOOL_CONVERSION = YES;
				CLANG_WARN_COMMA = YES;
				CLANG_WARN_CONSTANT_CONVERSION = YES;
				CLANG_WARN_DEPRECATED_OBJC_IMPLEMENTATIONS = YES;
				CLANG_WARN_DIRECT_OBJC_ISA_USAGE = YES_ERROR;
				CLANG_WARN_DOCUMENTATION_COMMENTS = YES;
				CLANG_WARN_EMPTY_BODY = YES;
				CLANG_WARN_ENUM_CONVERSION = YES;
				CLANG_WARN_INFINITE_RECURSION = YES;
				CLANG_WARN_INT_CONVERSION = YES;
				CLANG_WARN_NON_LITERAL_NULL_CONVERSION = YES;
				CLANG_WARN_OBJC_IMPLICIT_RETAIN_SELF = YES;
				CLANG_WARN_OBJC_LITERAL_CONVERSION = YES;
				CLANG_WARN_OBJC_ROOT_CLASS = YES_ERROR;
				CLANG_WARN_RANGE_LOOP_ANALYSIS = YES;
				CLANG_WARN_STRICT_PROTOTYPES = YES;
				CLANG_WARN_SUSPICIOUS_MOVE = YES;
				CLANG_WARN_UNGUARDED_AVAILABILITY = YES_AGGRESSIVE;
				CLANG_WARN_UNREACHABLE_CODE = YES;
				CLANG_WARN__DUPLICATE_METHOD_MATCH = YES;
				COPY_PHASE_STRIP = NO;
				DEBUG_INFORMATION_FORMAT = "dwarf-with-dsym";
				ENABLE_NS_ASSERTIONS = NO;
				ENABLE_STRICT_OBJC_MSGSEND = YES;
				GCC_C_LANGUAGE_STANDARD = gnu11;
				GCC_NO_COMMON_BLOCKS = YES;
				GCC_WARN_64_TO_32_BIT_CONVERSION = YES;
				GCC_WARN_ABOUT_RETURN_TYPE = YES_ERROR;
				GCC_WARN_UNDECLARED_SELECTOR = YES;
				GCC_WARN_UNINITIALIZED_AUTOS = YES_AGGRESSIVE;
				GCC_WARN_UNUSED_FUNCTION = YES;
				GCC_WARN_UNUSED_VARIABLE = YES;
				IPHONEOS_DEPLOYMENT_TARGET = 9.0;
				MTL_ENABLE_DEBUG_INFO = NO;
				MTL_FAST_MATH = YES;
				SDKROOT = iphoneos;
				VALIDATE_PRODUCT = YES;
			};
			name = Release;
		};
		8C58D93B25821C13008D969B /* Debug */ = {
			isa = XCBuildConfiguration;
			buildSettings = {
				ASSETCATALOG_COMPILER_APPICON_NAME = AppIcon;
				CODE_SIGN_STYLE = Automatic;
				DEVELOPMENT_TEAM = 3GE6QXCXJ5;
				INFOPLIST_FILE = WDSelectAlertView/Info.plist;
				IPHONEOS_DEPLOYMENT_TARGET = 9.0;
				LD_RUNPATH_SEARCH_PATHS = (
					"$(inherited)",
					"@executable_path/Frameworks",
				);
				PRODUCT_BUNDLE_IDENTIFIER = top.jocelen.selectAlertView.WDSelectAlertView;
				PRODUCT_NAME = "$(TARGET_NAME)";
				TARGETED_DEVICE_FAMILY = "1,2";
			};
			name = Debug;
		};
		8C58D93C25821C13008D969B /* Release */ = {
			isa = XCBuildConfiguration;
			buildSettings = {
				ASSETCATALOG_COMPILER_APPICON_NAME = AppIcon;
				CODE_SIGN_STYLE = Automatic;
				DEVELOPMENT_TEAM = 3GE6QXCXJ5;
				INFOPLIST_FILE = WDSelectAlertView/Info.plist;
				IPHONEOS_DEPLOYMENT_TARGET = 9.0;
				LD_RUNPATH_SEARCH_PATHS = (
					"$(inherited)",
					"@executable_path/Frameworks",
				);
				PRODUCT_BUNDLE_IDENTIFIER = top.jocelen.selectAlertView.WDSelectAlertView;
				PRODUCT_NAME = "$(TARGET_NAME)";
				TARGETED_DEVICE_FAMILY = "1,2";
			};
			name = Release;
		};
/* End XCBuildConfiguration section */

/* Begin XCConfigurationList section */
		8C58D91C25821C12008D969B /* Build configuration list for PBXProject "WDSelectAlertView" */ = {
			isa = XCConfigurationList;
			buildConfigurations = (
				8C58D93825821C13008D969B /* Debug */,
				8C58D93925821C13008D969B /* Release */,
			);
			defaultConfigurationIsVisible = 0;
			defaultConfigurationName = Release;
		};
		8C58D93A25821C13008D969B /* Build configuration list for PBXNativeTarget "WDSelectAlertView" */ = {
			isa = XCConfigurationList;
			buildConfigurations = (
				8C58D93B25821C13008D969B /* Debug */,
				8C58D93C25821C13008D969B /* Release */,
			);
			defaultConfigurationIsVisible = 0;
			defaultConfigurationName = Release;
		};
/* End XCConfigurationList section */
	};
	rootObject = 8C58D91925821C12008D969B /* Project object */;
}
